
Microsoft Visual Studio Solution File, Format Version 12.00
# Visual Studio 14
VisualStudioVersion = 14.0.25420.1
MinimumVisualStudioVersion = 10.0.40219.1
Project("{FAE04EC0-301F-11D3-BF4B-00C04F79EFBC}") = "01.TestProject", "01.TestProject\01.TestProject.csproj", "{C6D71477-E1DF-429A-8ED7-D363384E1703}"
EndProject
Project("{FAE04EC0-301F-11D3-BF4B-00C04F79EFBC}") = "02.SumArray", "02.SumArray\02.SumArray.csproj", "{D7F95D0B-46BA-4184-A520-A4FD7E518DAA}"
EndProject
Project("{FAE04EC0-301F-11D3-BF4B-00C04F79EFBC}") = "тест 3", "тест 3\тест 3.csproj", "{B5EA848F-04D0-434E-98B2-ABE76EDEC79C}"
EndProject
Project("{FAE04EC0-301F-11D3-BF4B-00C04F79EFBC}") = "04.RemoveNegative", "04.RemoveNegative\04.RemoveNegative.csproj", "{6E8127FF-C6CC-4E42-A99C-A58439EAFE5F}"
EndProject
Project("{FAE04EC0-301F-11D3-BF4B-00C04F79EFBC}") = "05.AppendList", "05.AppendList\05.AppendList.csproj", "{F3EF8726-CE4C-4AE4-B6A8-252C9BCB093A}"
EndProject
Global
	GlobalSection(SolutionConfigurationPlatforms) = preSolution
		Debug|Any CPU = Debug|Any CPU
		Release|Any CPU = Release|Any CPU
	EndGlobalSection
	GlobalSection(ProjectConfigurationPlatforms) = postSolution
		{C6D71477-E1DF-429A-8ED7-D363384E1703}.Debug|Any CPU.ActiveCfg = Debug|Any CPU
		{C6D71477-E1DF-429A-8ED7-D363384E1703}.Debug|Any CPU.Build.0 = Debug|Any CPU
		{C6D71477-E1DF-429A-8ED7-D363384E1703}.Release|Any CPU.ActiveCfg = Release|Any CPU
		{C6D71477-E1DF-429A-8ED7-D363384E1703}.Release|Any CPU.Build.0 = Release|Any CPU
		{D7F95D0B-46BA-4184-A520-A4FD7E518DAA}.Debug|Any CPU.ActiveCfg = Debug|Any CPU
		{D7F95D0B-46BA-4184-A520-A4FD7E518DAA}.Debug|Any CPU.Build.0 = Debug|Any CPU
		{D7F95D0B-46BA-4184-A520-A4FD7E518DAA}.Release|Any CPU.ActiveCfg = Release|Any CPU
		{D7F95D0B-46BA-4184-A520-A4FD7E518DAA}.Release|Any CPU.Build.0 = Release|Any CPU
		{B5EA848F-04D0-434E-98B2-ABE76EDEC79C}.Debug|Any CPU.ActiveCfg = Debug|Any CPU
		{B5EA848F-04D0-434E-98B2-ABE76EDEC79C}.Debug|Any CPU.Build.0 = Debug|Any CPU
		{B5EA848F-04D0-434E-98B2-ABE76EDEC79C}.Release|Any CPU.ActiveCfg = Release|Any CPU
		{B5EA848F-04D0-434E-98B2-ABE76EDEC79C}.Release|Any CPU.Build.0 = Release|Any CPU
		{6E8127FF-C6CC-4E42-A99C-A58439EAFE5F}.Debug|Any CPU.ActiveCfg = Debug|Any CPU
		{6E8127FF-C6CC-4E42-A99C-A58439EAFE5F}.Debug|Any CPU.Build.0 = Debug|Any CPU
		{6E8127FF-C6CC-4E42-A99C-A58439EAFE5F}.Release|Any CPU.ActiveCfg = Release|Any CPU
		{6E8127FF-C6CC-4E42-A99C-A58439EAFE5F}.Release|Any CPU.Build.0 = Release|Any CPU
		{F3EF8726-CE4C-4AE4-B6A8-252C9BCB093A}.Debug|Any CPU.ActiveCfg = Debug|Any CPU
		{F3EF8726-CE4C-4AE4-B6A8-252C9BCB093A}.Debug|Any CPU.Build.0 = Debug|Any CPU
		{F3EF8726-CE4C-4AE4-B6A8-252C9BCB093A}.Release|Any CPU.ActiveCfg = Release|Any CPU
		{F3EF8726-CE4C-4AE4-B6A8-252C9BCB093A}.Release|Any CPU.Build.0 = Release|Any CPU
	EndGlobalSection
	GlobalSection(SolutionProperties) = preSolution
		HideSolutionNode = FALSE
	EndGlobalSection
EndGlobal
