
Microsoft Visual Studio Solution File, Format Version 12.00
# Visual Studio 14
VisualStudioVersion = 14.0.25420.1
MinimumVisualStudioVersion = 10.0.40219.1
Project("{FAE04EC0-301F-11D3-BF4B-00C04F79EFBC}") = "01.Sino", "01.Sino\01.Sino.csproj", "{506D7AD3-9770-40C5-8E07-A128180B57D2}"
EndProject
Project("{FAE04EC0-301F-11D3-BF4B-00C04F79EFBC}") = "02.Karaoke", "02.Karaoke\02.Karaoke.csproj", "{480808E2-B56D-43F9-978B-A5912DE489C9}"
EndProject
Project("{FAE04EC0-301F-11D3-BF4B-00C04F79EFBC}") = "03.Endurance Rally", "03.Endurance Rally\03.Endurance Rally.csproj", "{63C5F8EB-7B52-4775-BEE5-F02B9E18321A}"
EndProject
Global
	GlobalSection(SolutionConfigurationPlatforms) = preSolution
		Debug|Any CPU = Debug|Any CPU
		Release|Any CPU = Release|Any CPU
	EndGlobalSection
	GlobalSection(ProjectConfigurationPlatforms) = postSolution
		{506D7AD3-9770-40C5-8E07-A128180B57D2}.Debug|Any CPU.ActiveCfg = Debug|Any CPU
		{506D7AD3-9770-40C5-8E07-A128180B57D2}.Debug|Any CPU.Build.0 = Debug|Any CPU
		{506D7AD3-9770-40C5-8E07-A128180B57D2}.Release|Any CPU.ActiveCfg = Release|Any CPU
		{506D7AD3-9770-40C5-8E07-A128180B57D2}.Release|Any CPU.Build.0 = Release|Any CPU
		{480808E2-B56D-43F9-978B-A5912DE489C9}.Debug|Any CPU.ActiveCfg = Debug|Any CPU
		{480808E2-B56D-43F9-978B-A5912DE489C9}.Debug|Any CPU.Build.0 = Debug|Any CPU
		{480808E2-B56D-43F9-978B-A5912DE489C9}.Release|Any CPU.ActiveCfg = Release|Any CPU
		{480808E2-B56D-43F9-978B-A5912DE489C9}.Release|Any CPU.Build.0 = Release|Any CPU
		{63C5F8EB-7B52-4775-BEE5-F02B9E18321A}.Debug|Any CPU.ActiveCfg = Debug|Any CPU
		{63C5F8EB-7B52-4775-BEE5-F02B9E18321A}.Debug|Any CPU.Build.0 = Debug|Any CPU
		{63C5F8EB-7B52-4775-BEE5-F02B9E18321A}.Release|Any CPU.ActiveCfg = Release|Any CPU
		{63C5F8EB-7B52-4775-BEE5-F02B9E18321A}.Release|Any CPU.Build.0 = Release|Any CPU
	EndGlobalSection
	GlobalSection(SolutionProperties) = preSolution
		HideSolutionNode = FALSE
	EndGlobalSection
EndGlobal
