
Microsoft Visual Studio Solution File, Format Version 12.00
# Visual Studio 14
VisualStudioVersion = 14.0.25420.1
MinimumVisualStudioVersion = 10.0.40219.1
Project("{FAE04EC0-301F-11D3-BF4B-00C04F79EFBC}") = "01.SweetDessert", "01.SweetDessert\01.SweetDessert.csproj", "{EC214661-CFBB-41CE-91C6-EA9B69FAA181}"
EndProject
Project("{FAE04EC0-301F-11D3-BF4B-00C04F79EFBC}") = "02.ArrayManipulator", "02.ArrayManipulator\02.ArrayManipulator.csproj", "{09488A24-FA5A-4958-ADEC-70D7AA6F227B}"
EndProject
Project("{FAE04EC0-301F-11D3-BF4B-00C04F79EFBC}") = "03,FootBall", "03,FootBall\03,FootBall.csproj", "{7482A4C3-48BA-4B2D-91BE-DF9170C5F33E}"
EndProject
Project("{FAE04EC0-301F-11D3-BF4B-00C04F79EFBC}") = "ConsoleApplication1", "ConsoleApplication1\ConsoleApplication1.csproj", "{3AD1F91E-7C9D-42F9-8AB9-328DDA764878}"
EndProject
Project("{FAE04EC0-301F-11D3-BF4B-00C04F79EFBC}") = "04,Cubic Messages", "04,Cubic Messages\04,Cubic Messages.csproj", "{52ED0E1D-1D92-4876-8E64-1AE7DFC6B1E2}"
EndProject
Global
	GlobalSection(SolutionConfigurationPlatforms) = preSolution
		Debug|Any CPU = Debug|Any CPU
		Release|Any CPU = Release|Any CPU
	EndGlobalSection
	GlobalSection(ProjectConfigurationPlatforms) = postSolution
		{EC214661-CFBB-41CE-91C6-EA9B69FAA181}.Debug|Any CPU.ActiveCfg = Debug|Any CPU
		{EC214661-CFBB-41CE-91C6-EA9B69FAA181}.Debug|Any CPU.Build.0 = Debug|Any CPU
		{EC214661-CFBB-41CE-91C6-EA9B69FAA181}.Release|Any CPU.ActiveCfg = Release|Any CPU
		{EC214661-CFBB-41CE-91C6-EA9B69FAA181}.Release|Any CPU.Build.0 = Release|Any CPU
		{09488A24-FA5A-4958-ADEC-70D7AA6F227B}.Debug|Any CPU.ActiveCfg = Debug|Any CPU
		{09488A24-FA5A-4958-ADEC-70D7AA6F227B}.Debug|Any CPU.Build.0 = Debug|Any CPU
		{09488A24-FA5A-4958-ADEC-70D7AA6F227B}.Release|Any CPU.ActiveCfg = Release|Any CPU
		{09488A24-FA5A-4958-ADEC-70D7AA6F227B}.Release|Any CPU.Build.0 = Release|Any CPU
		{7482A4C3-48BA-4B2D-91BE-DF9170C5F33E}.Debug|Any CPU.ActiveCfg = Debug|Any CPU
		{7482A4C3-48BA-4B2D-91BE-DF9170C5F33E}.Debug|Any CPU.Build.0 = Debug|Any CPU
		{7482A4C3-48BA-4B2D-91BE-DF9170C5F33E}.Release|Any CPU.ActiveCfg = Release|Any CPU
		{7482A4C3-48BA-4B2D-91BE-DF9170C5F33E}.Release|Any CPU.Build.0 = Release|Any CPU
		{3AD1F91E-7C9D-42F9-8AB9-328DDA764878}.Debug|Any CPU.ActiveCfg = Debug|Any CPU
		{3AD1F91E-7C9D-42F9-8AB9-328DDA764878}.Debug|Any CPU.Build.0 = Debug|Any CPU
		{3AD1F91E-7C9D-42F9-8AB9-328DDA764878}.Release|Any CPU.ActiveCfg = Release|Any CPU
		{3AD1F91E-7C9D-42F9-8AB9-328DDA764878}.Release|Any CPU.Build.0 = Release|Any CPU
		{52ED0E1D-1D92-4876-8E64-1AE7DFC6B1E2}.Debug|Any CPU.ActiveCfg = Debug|Any CPU
		{52ED0E1D-1D92-4876-8E64-1AE7DFC6B1E2}.Debug|Any CPU.Build.0 = Debug|Any CPU
		{52ED0E1D-1D92-4876-8E64-1AE7DFC6B1E2}.Release|Any CPU.ActiveCfg = Release|Any CPU
		{52ED0E1D-1D92-4876-8E64-1AE7DFC6B1E2}.Release|Any CPU.Build.0 = Release|Any CPU
	EndGlobalSection
	GlobalSection(SolutionProperties) = preSolution
		HideSolutionNode = FALSE
	EndGlobalSection
EndGlobal
