
Microsoft Visual Studio Solution File, Format Version 12.00
# Visual Studio 14
VisualStudioVersion = 14.0.25420.1
MinimumVisualStudioVersion = 10.0.40219.1
Project("{FAE04EC0-301F-11D3-BF4B-00C04F79EFBC}") = "01.Reverse string", "01.Reverse string\01.Reverse string.csproj", "{00C5DCC9-B571-44AE-A30C-42D23FB06588}"
EndProject
Project("{FAE04EC0-301F-11D3-BF4B-00C04F79EFBC}") = "02.Count substring occurrences", "02.Count substring occurrences\02.Count substring occurrences.csproj", "{270F77DC-3163-4DC0-8CC4-2C927916DD19}"
EndProject
Project("{FAE04EC0-301F-11D3-BF4B-00C04F79EFBC}") = "03.Text Filter", "03.Text Filter\03.Text Filter.csproj", "{6E61D230-D77E-42DF-8DE1-72A23115F768}"
EndProject
Global
	GlobalSection(SolutionConfigurationPlatforms) = preSolution
		Debug|Any CPU = Debug|Any CPU
		Release|Any CPU = Release|Any CPU
	EndGlobalSection
	GlobalSection(ProjectConfigurationPlatforms) = postSolution
		{00C5DCC9-B571-44AE-A30C-42D23FB06588}.Debug|Any CPU.ActiveCfg = Debug|Any CPU
		{00C5DCC9-B571-44AE-A30C-42D23FB06588}.Debug|Any CPU.Build.0 = Debug|Any CPU
		{00C5DCC9-B571-44AE-A30C-42D23FB06588}.Release|Any CPU.ActiveCfg = Release|Any CPU
		{00C5DCC9-B571-44AE-A30C-42D23FB06588}.Release|Any CPU.Build.0 = Release|Any CPU
		{270F77DC-3163-4DC0-8CC4-2C927916DD19}.Debug|Any CPU.ActiveCfg = Debug|Any CPU
		{270F77DC-3163-4DC0-8CC4-2C927916DD19}.Debug|Any CPU.Build.0 = Debug|Any CPU
		{270F77DC-3163-4DC0-8CC4-2C927916DD19}.Release|Any CPU.ActiveCfg = Release|Any CPU
		{270F77DC-3163-4DC0-8CC4-2C927916DD19}.Release|Any CPU.Build.0 = Release|Any CPU
		{6E61D230-D77E-42DF-8DE1-72A23115F768}.Debug|Any CPU.ActiveCfg = Debug|Any CPU
		{6E61D230-D77E-42DF-8DE1-72A23115F768}.Debug|Any CPU.Build.0 = Debug|Any CPU
		{6E61D230-D77E-42DF-8DE1-72A23115F768}.Release|Any CPU.ActiveCfg = Release|Any CPU
		{6E61D230-D77E-42DF-8DE1-72A23115F768}.Release|Any CPU.Build.0 = Release|Any CPU
	EndGlobalSection
	GlobalSection(SolutionProperties) = preSolution
		HideSolutionNode = FALSE
	EndGlobalSection
EndGlobal
