
Microsoft Visual Studio Solution File, Format Version 12.00
# Visual Studio 14
VisualStudioVersion = 14.0.25420.1
MinimumVisualStudioVersion = 10.0.40219.1
Project("{FAE04EC0-301F-11D3-BF4B-00C04F79EFBC}") = "01.SinoThWalker", "01.SinoThWalker\01.SinoThWalker.csproj", "{85AFCCB7-F3D5-4029-8A17-A33FBB4517C3}"
EndProject
Project("{FAE04EC0-301F-11D3-BF4B-00C04F79EFBC}") = "02.SoftUni Karaoke", "02.SoftUni Karaoke\02.SoftUni Karaoke.csproj", "{574EB7A5-6AC6-49CE-9795-AA5079CE6EF6}"
EndProject
Project("{FAE04EC0-301F-11D3-BF4B-00C04F79EFBC}") = "03.Endurance Rally", "03.Endurance Rally\03.Endurance Rally.csproj", "{AFB50173-F4BA-4C3A-BFF6-58CE50B64889}"
EndProject
Project("{FAE04EC0-301F-11D3-BF4B-00C04F79EFBC}") = "04.Winning Ticket", "04.Winning Ticket\04.Winning Ticket.csproj", "{FAF4DBBB-24BD-428E-BA91-62D84D6D4DA2}"
EndProject
Global
	GlobalSection(SolutionConfigurationPlatforms) = preSolution
		Debug|Any CPU = Debug|Any CPU
		Release|Any CPU = Release|Any CPU
	EndGlobalSection
	GlobalSection(ProjectConfigurationPlatforms) = postSolution
		{85AFCCB7-F3D5-4029-8A17-A33FBB4517C3}.Debug|Any CPU.ActiveCfg = Debug|Any CPU
		{85AFCCB7-F3D5-4029-8A17-A33FBB4517C3}.Debug|Any CPU.Build.0 = Debug|Any CPU
		{85AFCCB7-F3D5-4029-8A17-A33FBB4517C3}.Release|Any CPU.ActiveCfg = Release|Any CPU
		{85AFCCB7-F3D5-4029-8A17-A33FBB4517C3}.Release|Any CPU.Build.0 = Release|Any CPU
		{574EB7A5-6AC6-49CE-9795-AA5079CE6EF6}.Debug|Any CPU.ActiveCfg = Debug|Any CPU
		{574EB7A5-6AC6-49CE-9795-AA5079CE6EF6}.Debug|Any CPU.Build.0 = Debug|Any CPU
		{574EB7A5-6AC6-49CE-9795-AA5079CE6EF6}.Release|Any CPU.ActiveCfg = Release|Any CPU
		{574EB7A5-6AC6-49CE-9795-AA5079CE6EF6}.Release|Any CPU.Build.0 = Release|Any CPU
		{AFB50173-F4BA-4C3A-BFF6-58CE50B64889}.Debug|Any CPU.ActiveCfg = Debug|Any CPU
		{AFB50173-F4BA-4C3A-BFF6-58CE50B64889}.Debug|Any CPU.Build.0 = Debug|Any CPU
		{AFB50173-F4BA-4C3A-BFF6-58CE50B64889}.Release|Any CPU.ActiveCfg = Release|Any CPU
		{AFB50173-F4BA-4C3A-BFF6-58CE50B64889}.Release|Any CPU.Build.0 = Release|Any CPU
		{FAF4DBBB-24BD-428E-BA91-62D84D6D4DA2}.Debug|Any CPU.ActiveCfg = Debug|Any CPU
		{FAF4DBBB-24BD-428E-BA91-62D84D6D4DA2}.Debug|Any CPU.Build.0 = Debug|Any CPU
		{FAF4DBBB-24BD-428E-BA91-62D84D6D4DA2}.Release|Any CPU.ActiveCfg = Release|Any CPU
		{FAF4DBBB-24BD-428E-BA91-62D84D6D4DA2}.Release|Any CPU.Build.0 = Release|Any CPU
	EndGlobalSection
	GlobalSection(SolutionProperties) = preSolution
		HideSolutionNode = FALSE
	EndGlobalSection
EndGlobal
